
Microsoft Visual Studio Solution File, Format Version 12.00
# Visual Studio Version 17
VisualStudioVersion = 17.14.36623.8
MinimumVisualStudioVersion = 10.0.40219.1
Project("{FAE04EC0-301F-11D3-BF4B-00C04F79EFBC}") = "BrickGame", "BrickGame.csproj", "{EF64F336-8EB6-1073-4ECF-BAFFF9C4EA2C}"
EndProject
Project("{FAE04EC0-301F-11D3-BF4B-00C04F79EFBC}") = "BrickGame2.Gui", "..\BrickGame2.Gui\BrickGame2.Gui.csproj", "{71606BF0-1AD0-41C4-9ABF-6B7D205BFE96}"
EndProject
Project("{2150E333-8FDC-42A3-9474-1A3956D46DE8}") = "Elementy rozwiązania", "Elementy rozwiązania", "{8FB176BD-0036-D269-15EA-F86E90622887}"
	ProjectSection(SolutionItems) = preProject
		.gitignore = .gitignore
	EndProjectSection
EndProject
Global
	GlobalSection(SolutionConfigurationPlatforms) = preSolution
		Debug|Any CPU = Debug|Any CPU
		Release|Any CPU = Release|Any CPU
	EndGlobalSection
	GlobalSection(ProjectConfigurationPlatforms) = postSolution
		{EF64F336-8EB6-1073-4ECF-BAFFF9C4EA2C}.Debug|Any CPU.ActiveCfg = Debug|Any CPU
		{EF64F336-8EB6-1073-4ECF-BAFFF9C4EA2C}.Debug|Any CPU.Build.0 = Debug|Any CPU
		{EF64F336-8EB6-1073-4ECF-BAFFF9C4EA2C}.Release|Any CPU.ActiveCfg = Release|Any CPU
		{EF64F336-8EB6-1073-4ECF-BAFFF9C4EA2C}.Release|Any CPU.Build.0 = Release|Any CPU
		{71606BF0-1AD0-41C4-9ABF-6B7D205BFE96}.Debug|Any CPU.ActiveCfg = Debug|Any CPU
		{71606BF0-1AD0-41C4-9ABF-6B7D205BFE96}.Debug|Any CPU.Build.0 = Debug|Any CPU
		{71606BF0-1AD0-41C4-9ABF-6B7D205BFE96}.Release|Any CPU.ActiveCfg = Release|Any CPU
		{71606BF0-1AD0-41C4-9ABF-6B7D205BFE96}.Release|Any CPU.Build.0 = Release|Any CPU
	EndGlobalSection
	GlobalSection(SolutionProperties) = preSolution
		HideSolutionNode = FALSE
	EndGlobalSection
	GlobalSection(ExtensibilityGlobals) = postSolution
		SolutionGuid = {DFA91B06-CD8A-4B90-92B7-DAD4FED7132E}
	EndGlobalSection
EndGlobal
